
Microsoft Visual Studio Solution File, Format Version 12.00
# Visual Studio Version 17
VisualStudioVersion = 17.6.33815.320
MinimumVisualStudioVersion = 10.0.40219.1
Project("{9A19103F-16F7-4668-BE54-9A1E7A4F7556}") = "AuthenticationApi", "AuthenticationApi\AuthenticationApi.csproj", "{61F65EB1-F750-4546-B403-0D22103B299F}"
EndProject
Project("{9A19103F-16F7-4668-BE54-9A1E7A4F7556}") = "FavouritesWebAPI", "FavouritesWebAPI\FavouritesWebAPI.csproj", "{A53B02DA-E6C1-490D-8D94-95432B667A11}"
EndProject
Project("{9A19103F-16F7-4668-BE54-9A1E7A4F7556}") = "RecommendationWebAPI", "RecommendationWebAPI\RecommendationWebAPI.csproj", "{E57E0326-BAB5-41D0-BBDC-B08522C9C27D}"
EndProject
Project("{9A19103F-16F7-4668-BE54-9A1E7A4F7556}") = "NewsAPITest", "NewsAPITest\NewsAPITest.csproj", "{B6935479-F938-4A83-91DE-C5756F40597A}"
EndProject
Project("{9A19103F-16F7-4668-BE54-9A1E7A4F7556}") = "ApiGateways", "ApiGateways\ApiGateways.csproj", "{1F588C5E-021C-4BF5-B477-359B21545D78}"
EndProject
Global
	GlobalSection(SolutionConfigurationPlatforms) = preSolution
		Debug|Any CPU = Debug|Any CPU
		Release|Any CPU = Release|Any CPU
	EndGlobalSection
	GlobalSection(ProjectConfigurationPlatforms) = postSolution
		{61F65EB1-F750-4546-B403-0D22103B299F}.Debug|Any CPU.ActiveCfg = Debug|Any CPU
		{61F65EB1-F750-4546-B403-0D22103B299F}.Debug|Any CPU.Build.0 = Debug|Any CPU
		{61F65EB1-F750-4546-B403-0D22103B299F}.Release|Any CPU.ActiveCfg = Release|Any CPU
		{61F65EB1-F750-4546-B403-0D22103B299F}.Release|Any CPU.Build.0 = Release|Any CPU
		{A53B02DA-E6C1-490D-8D94-95432B667A11}.Debug|Any CPU.ActiveCfg = Debug|Any CPU
		{A53B02DA-E6C1-490D-8D94-95432B667A11}.Debug|Any CPU.Build.0 = Debug|Any CPU
		{A53B02DA-E6C1-490D-8D94-95432B667A11}.Release|Any CPU.ActiveCfg = Release|Any CPU
		{A53B02DA-E6C1-490D-8D94-95432B667A11}.Release|Any CPU.Build.0 = Release|Any CPU
		{E57E0326-BAB5-41D0-BBDC-B08522C9C27D}.Debug|Any CPU.ActiveCfg = Debug|Any CPU
		{E57E0326-BAB5-41D0-BBDC-B08522C9C27D}.Debug|Any CPU.Build.0 = Debug|Any CPU
		{E57E0326-BAB5-41D0-BBDC-B08522C9C27D}.Release|Any CPU.ActiveCfg = Release|Any CPU
		{E57E0326-BAB5-41D0-BBDC-B08522C9C27D}.Release|Any CPU.Build.0 = Release|Any CPU
		{B6935479-F938-4A83-91DE-C5756F40597A}.Debug|Any CPU.ActiveCfg = Debug|Any CPU
		{B6935479-F938-4A83-91DE-C5756F40597A}.Debug|Any CPU.Build.0 = Debug|Any CPU
		{B6935479-F938-4A83-91DE-C5756F40597A}.Release|Any CPU.ActiveCfg = Release|Any CPU
		{B6935479-F938-4A83-91DE-C5756F40597A}.Release|Any CPU.Build.0 = Release|Any CPU
		{1F588C5E-021C-4BF5-B477-359B21545D78}.Debug|Any CPU.ActiveCfg = Debug|Any CPU
		{1F588C5E-021C-4BF5-B477-359B21545D78}.Debug|Any CPU.Build.0 = Debug|Any CPU
		{1F588C5E-021C-4BF5-B477-359B21545D78}.Release|Any CPU.ActiveCfg = Release|Any CPU
		{1F588C5E-021C-4BF5-B477-359B21545D78}.Release|Any CPU.Build.0 = Release|Any CPU
	EndGlobalSection
	GlobalSection(SolutionProperties) = preSolution
		HideSolutionNode = FALSE
	EndGlobalSection
	GlobalSection(ExtensibilityGlobals) = postSolution
		SolutionGuid = {208BA55F-3443-4931-9412-63223AE17FD0}
	EndGlobalSection
EndGlobal
